
Microsoft Visual Studio Solution File, Format Version 11.00
# Visual Studio 2010
Project("{FAE04EC0-301F-11D3-BF4B-00C04F79EFBC}") = "NetWorking", "Assembly-CSharp-firstpass.csproj", "{F3ABF853-1A30-CA51-45E8-CA369F6786B9}"
EndProject
Project("{FAE04EC0-301F-11D3-BF4B-00C04F79EFBC}") = "NetWorking", "Assembly-CSharp.csproj", "{FC2507A2-8521-7D90-54AD-DF23A480B406}"
EndProject
Project("{FAE04EC0-301F-11D3-BF4B-00C04F79EFBC}") = "NetWorking", "Assembly-CSharp-Editor-firstpass.csproj", "{6AC115B3-BAE3-BAE3-3F15-4C482724012C}"
EndProject
Project("{FAE04EC0-301F-11D3-BF4B-00C04F79EFBC}") = "NetWorking", "Assembly-CSharp-Editor.csproj", "{C392E2C8-A680-884E-539A-0AE27F6F81B5}"
EndProject
Global
	GlobalSection(SolutionConfigurationPlatforms) = preSolution
		Debug|Any CPU = Debug|Any CPU
		Release|Any CPU = Release|Any CPU
	EndGlobalSection
	GlobalSection(ProjectConfigurationPlatforms) = postSolution
		{F3ABF853-1A30-CA51-45E8-CA369F6786B9}.Debug|Any CPU.ActiveCfg = Debug|Any CPU
		{F3ABF853-1A30-CA51-45E8-CA369F6786B9}.Debug|Any CPU.Build.0 = Debug|Any CPU
		{F3ABF853-1A30-CA51-45E8-CA369F6786B9}.Release|Any CPU.ActiveCfg = Release|Any CPU
		{F3ABF853-1A30-CA51-45E8-CA369F6786B9}.Release|Any CPU.Build.0 = Release|Any CPU
		{FC2507A2-8521-7D90-54AD-DF23A480B406}.Debug|Any CPU.ActiveCfg = Debug|Any CPU
		{FC2507A2-8521-7D90-54AD-DF23A480B406}.Debug|Any CPU.Build.0 = Debug|Any CPU
		{FC2507A2-8521-7D90-54AD-DF23A480B406}.Release|Any CPU.ActiveCfg = Release|Any CPU
		{FC2507A2-8521-7D90-54AD-DF23A480B406}.Release|Any CPU.Build.0 = Release|Any CPU
		{6AC115B3-BAE3-BAE3-3F15-4C482724012C}.Debug|Any CPU.ActiveCfg = Debug|Any CPU
		{6AC115B3-BAE3-BAE3-3F15-4C482724012C}.Debug|Any CPU.Build.0 = Debug|Any CPU
		{6AC115B3-BAE3-BAE3-3F15-4C482724012C}.Release|Any CPU.ActiveCfg = Release|Any CPU
		{6AC115B3-BAE3-BAE3-3F15-4C482724012C}.Release|Any CPU.Build.0 = Release|Any CPU
		{C392E2C8-A680-884E-539A-0AE27F6F81B5}.Debug|Any CPU.ActiveCfg = Debug|Any CPU
		{C392E2C8-A680-884E-539A-0AE27F6F81B5}.Debug|Any CPU.Build.0 = Debug|Any CPU
		{C392E2C8-A680-884E-539A-0AE27F6F81B5}.Release|Any CPU.ActiveCfg = Release|Any CPU
		{C392E2C8-A680-884E-539A-0AE27F6F81B5}.Release|Any CPU.Build.0 = Release|Any CPU
	EndGlobalSection
	GlobalSection(SolutionProperties) = preSolution
		HideSolutionNode = FALSE
	EndGlobalSection
	GlobalSection(MonoDevelopProperties) = preSolution
		StartupItem = Assembly-CSharp.csproj
	EndGlobalSection
EndGlobal
